PODS:
  - ReactiveObjC (3.1.0)

DEPENDENCIES:
  - ReactiveObjC (~> 3.1.0)

SPEC REPOS:
  https://github.com/cocoapods/specs.git:
    - ReactiveObjC

SPEC CHECKSUMS:
  ReactiveObjC: 2a38ea15335de4119d8b17caf1db1484f61db902

PODFILE CHECKSUM: 9e768e0d60116c8cb1e3c5e6dd23a542367eccc3

COCOAPODS: 1.5.3
